
Microsoft Visual Studio Solution File, Format Version 12.00
# Visual Studio Version 17
VisualStudioVersion = 17.0.31912.275
MinimumVisualStudioVersion = 10.0.40219.1
Project("{FAE04EC0-301F-11D3-BF4B-00C04F79EFBC}") = "SISTEMA DE FACTURACION  2", "SISTEMA DE FACTURACION  2\SISTEMA DE FACTURACION  2.csproj", "{0F976124-82E6-43EB-9902-742BB61166EC}"
EndProject
Global
	GlobalSection(SolutionConfigurationPlatforms) = preSolution
		Debug|Any CPU = Debug|Any CPU
		Release|Any CPU = Release|Any CPU
	EndGlobalSection
	GlobalSection(ProjectConfigurationPlatforms) = postSolution
		{0F976124-82E6-43EB-9902-742BB61166EC}.Debug|Any CPU.ActiveCfg = Debug|Any CPU
		{0F976124-82E6-43EB-9902-742BB61166EC}.Debug|Any CPU.Build.0 = Debug|Any CPU
		{0F976124-82E6-43EB-9902-742BB61166EC}.Release|Any CPU.ActiveCfg = Release|Any CPU
		{0F976124-82E6-43EB-9902-742BB61166EC}.Release|Any CPU.Build.0 = Release|Any CPU
	EndGlobalSection
	GlobalSection(SolutionProperties) = preSolution
		HideSolutionNode = FALSE
	EndGlobalSection
	GlobalSection(ExtensibilityGlobals) = postSolution
		SolutionGuid = {91A1DD3C-73A9-4EFD-BF63-B1371884410B}
	EndGlobalSection
EndGlobal
